
Microsoft Visual Studio Solution File, Format Version 12.00
# Visual Studio 14
VisualStudioVersion = 14.0.25420.1
MinimumVisualStudioVersion = 10.0.40219.1
Project("{FAE04EC0-301F-11D3-BF4B-00C04F79EFBC}") = "KChess", "KChess\KChess.csproj", "{FABF3B53-0F2A-4782-A504-60BA7054FD8E}"
EndProject
Project("{FAE04EC0-301F-11D3-BF4B-00C04F79EFBC}") = "KChess.Console", "KChess.Console\KChess.Console.csproj", "{C0C0A338-B287-430D-80F2-17F40D79D1B0}"
	ProjectSection(ProjectDependencies) = postProject
		{FABF3B53-0F2A-4782-A504-60BA7054FD8E} = {FABF3B53-0F2A-4782-A504-60BA7054FD8E}
	EndProjectSection
EndProject
Project("{FAE04EC0-301F-11D3-BF4B-00C04F79EFBC}") = "KChess.Tests", "KChess.Tests\KChess.Tests.csproj", "{5EA08E93-6F65-4B5C-909E-7BB86D639029}"
EndProject
Global
	GlobalSection(SolutionConfigurationPlatforms) = preSolution
		Debug|Any CPU = Debug|Any CPU
		Release|Any CPU = Release|Any CPU
	EndGlobalSection
	GlobalSection(ProjectConfigurationPlatforms) = postSolution
		{FABF3B53-0F2A-4782-A504-60BA7054FD8E}.Debug|Any CPU.ActiveCfg = Debug|Any CPU
		{FABF3B53-0F2A-4782-A504-60BA7054FD8E}.Debug|Any CPU.Build.0 = Debug|Any CPU
		{FABF3B53-0F2A-4782-A504-60BA7054FD8E}.Release|Any CPU.ActiveCfg = Release|Any CPU
		{FABF3B53-0F2A-4782-A504-60BA7054FD8E}.Release|Any CPU.Build.0 = Release|Any CPU
		{C0C0A338-B287-430D-80F2-17F40D79D1B0}.Debug|Any CPU.ActiveCfg = Debug|Any CPU
		{C0C0A338-B287-430D-80F2-17F40D79D1B0}.Debug|Any CPU.Build.0 = Debug|Any CPU
		{C0C0A338-B287-430D-80F2-17F40D79D1B0}.Release|Any CPU.ActiveCfg = Release|Any CPU
		{C0C0A338-B287-430D-80F2-17F40D79D1B0}.Release|Any CPU.Build.0 = Release|Any CPU
		{5EA08E93-6F65-4B5C-909E-7BB86D639029}.Debug|Any CPU.ActiveCfg = Debug|Any CPU
		{5EA08E93-6F65-4B5C-909E-7BB86D639029}.Debug|Any CPU.Build.0 = Debug|Any CPU
		{5EA08E93-6F65-4B5C-909E-7BB86D639029}.Release|Any CPU.ActiveCfg = Release|Any CPU
		{5EA08E93-6F65-4B5C-909E-7BB86D639029}.Release|Any CPU.Build.0 = Release|Any CPU
	EndGlobalSection
	GlobalSection(SolutionProperties) = preSolution
		HideSolutionNode = FALSE
	EndGlobalSection
EndGlobal
